
Microsoft Visual Studio Solution File, Format Version 12.00
# Visual Studio Version 16
VisualStudioVersion = 16.0.29926.136
MinimumVisualStudioVersion = 10.0.40219.1
Project("{9A19103F-16F7-4668-BE54-9A1E7A4F7556}") = "SedekahKita.Tools", "SedekahKita.Tools\SedekahKita.Tools.csproj", "{CC3CF3AF-130E-4A8A-8F2A-919F2701F196}"
EndProject
Project("{9A19103F-16F7-4668-BE54-9A1E7A4F7556}") = "SedekahKita.Web", "SedekahKita.Web\SedekahKita.Web.csproj", "{DD42C8F8-2D7B-4942-9438-1152773261D1}"
EndProject
Project("{FAE04EC0-301F-11D3-BF4B-00C04F79EFBC}") = "TestApp", "TestApp\TestApp.csproj", "{99A00B9C-B9BA-4CCD-860D-D72A413A5399}"
EndProject
Global
	GlobalSection(SolutionConfigurationPlatforms) = preSolution
		Debug|Any CPU = Debug|Any CPU
		Release|Any CPU = Release|Any CPU
	EndGlobalSection
	GlobalSection(ProjectConfigurationPlatforms) = postSolution
		{CC3CF3AF-130E-4A8A-8F2A-919F2701F196}.Debug|Any CPU.ActiveCfg = Debug|Any CPU
		{CC3CF3AF-130E-4A8A-8F2A-919F2701F196}.Debug|Any CPU.Build.0 = Debug|Any CPU
		{CC3CF3AF-130E-4A8A-8F2A-919F2701F196}.Release|Any CPU.ActiveCfg = Release|Any CPU
		{CC3CF3AF-130E-4A8A-8F2A-919F2701F196}.Release|Any CPU.Build.0 = Release|Any CPU
		{DD42C8F8-2D7B-4942-9438-1152773261D1}.Debug|Any CPU.ActiveCfg = Debug|Any CPU
		{DD42C8F8-2D7B-4942-9438-1152773261D1}.Debug|Any CPU.Build.0 = Debug|Any CPU
		{DD42C8F8-2D7B-4942-9438-1152773261D1}.Release|Any CPU.ActiveCfg = Release|Any CPU
		{DD42C8F8-2D7B-4942-9438-1152773261D1}.Release|Any CPU.Build.0 = Release|Any CPU
		{99A00B9C-B9BA-4CCD-860D-D72A413A5399}.Debug|Any CPU.ActiveCfg = Debug|Any CPU
		{99A00B9C-B9BA-4CCD-860D-D72A413A5399}.Debug|Any CPU.Build.0 = Debug|Any CPU
		{99A00B9C-B9BA-4CCD-860D-D72A413A5399}.Release|Any CPU.ActiveCfg = Release|Any CPU
		{99A00B9C-B9BA-4CCD-860D-D72A413A5399}.Release|Any CPU.Build.0 = Release|Any CPU
	EndGlobalSection
	GlobalSection(SolutionProperties) = preSolution
		HideSolutionNode = FALSE
	EndGlobalSection
	GlobalSection(ExtensibilityGlobals) = postSolution
		SolutionGuid = {FDE26FDA-9573-4C8D-BD3F-6DCDC7BFD07D}
	EndGlobalSection
EndGlobal
